
Microsoft Visual Studio Solution File, Format Version 12.00
# Visual Studio 15
VisualStudioVersion = 15.0.28307.168
MinimumVisualStudioVersion = 10.0.40219.1
Project("{FAE04EC0-301F-11D3-BF4B-00C04F79EFBC}") = "docker_linux", "docker_linux\docker_linux.csproj", "{1A7AA3CF-8A72-4FD0-93BA-C4BC9B0226EE}"
EndProject
Global
	GlobalSection(SolutionConfigurationPlatforms) = preSolution
		Debug|Any CPU = Debug|Any CPU
		Release|Any CPU = Release|Any CPU
	EndGlobalSection
	GlobalSection(ProjectConfigurationPlatforms) = postSolution
		{1A7AA3CF-8A72-4FD0-93BA-C4BC9B0226EE}.Debug|Any CPU.ActiveCfg = Debug|Any CPU
		{1A7AA3CF-8A72-4FD0-93BA-C4BC9B0226EE}.Debug|Any CPU.Build.0 = Debug|Any CPU
		{1A7AA3CF-8A72-4FD0-93BA-C4BC9B0226EE}.Release|Any CPU.ActiveCfg = Release|Any CPU
		{1A7AA3CF-8A72-4FD0-93BA-C4BC9B0226EE}.Release|Any CPU.Build.0 = Release|Any CPU
	EndGlobalSection
	GlobalSection(SolutionProperties) = preSolution
		HideSolutionNode = FALSE
	EndGlobalSection
	GlobalSection(ExtensibilityGlobals) = postSolution
		SolutionGuid = {667719F2-B751-4F83-85CE-A71B919BA9AA}
	EndGlobalSection
EndGlobal
